{
  "name": "@protagonists/coerce",
  "version": "1.0.7",
  "lockfileVersion": 2,
  "requires": true,
  "packages": {
    "": {
      "name": "@protagonists/coerce",
      "version": "1.0.7",
      "license": "ISC",
      "dependencies": {
        "@protagonists/deep": "^1.0.2"
      }
    },
    "node_modules/@protagonists/deep": {
      "version": "1.0.3",
      "resolved": "https://registry.npmjs.org/@protagonists/deep/-/deep-1.0.3.tgz",
      "integrity": "sha512-6/lVvM+z/W+BMapuYJnBFVUFCpcW2RN0PuBAgiRH5NoaBjPSI4ULDpijv7VDxlWYm2vFaNfscD9O/UrbjawtlQ=="
    }
  },
  "dependencies": {
    "@protagonists/deep": {
      "version": "1.0.3",
      "resolved": "https://registry.npmjs.org/@protagonists/deep/-/deep-1.0.3.tgz",
      "integrity": "sha512-6/lVvM+z/W+BMapuYJnBFVUFCpcW2RN0PuBAgiRH5NoaBjPSI4ULDpijv7VDxlWYm2vFaNfscD9O/UrbjawtlQ=="
    }
  }
}
