{
  "name": "@protagonists/coerce",
  "version": "1.0.9",
  "lockfileVersion": 2,
  "requires": true,
  "packages": {
    "": {
      "name": "@protagonists/coerce",
      "version": "1.0.9",
      "license": "ISC",
      "dependencies": {
        "@protagonists/coerce": "^1.0.8",
        "@protagonists/coerce-basics": "^1.0.0",
        "@protagonists/deep": "^1.0.2"
      }
    },
    "node_modules/@protagonists/coerce": {
      "version": "1.0.8",
      "resolved": "https://registry.npmjs.org/@protagonists/coerce/-/coerce-1.0.8.tgz",
      "integrity": "sha512-XurCfW7dmV2BIU1XyMSpHreDlf4MBoAHi8R2vOo3Z1dUWWWoNLCaexTWi3fZj4NwcbxXTP3BR4xPc85OVOA3JA==",
      "dependencies": {
        "@protagonists/deep": "^1.0.2"
      }
    },
    "node_modules/@protagonists/coerce-basics": {
      "version": "1.0.0",
      "resolved": "https://registry.npmjs.org/@protagonists/coerce-basics/-/coerce-basics-1.0.0.tgz",
      "integrity": "sha512-FmICeTfNbgMGAvv+TSS4mC3y+YeDsyAlr4D3xv4Yu4jDfW65OyWtuoWiyk83Rg5vGXcIB2+idCWdCoq977wLXw==",
      "dependencies": {
        "@protagonists/coerce": "^1.0.8"
      }
    },
    "node_modules/@protagonists/deep": {
      "version": "1.0.3",
      "resolved": "https://registry.npmjs.org/@protagonists/deep/-/deep-1.0.3.tgz",
      "integrity": "sha512-6/lVvM+z/W+BMapuYJnBFVUFCpcW2RN0PuBAgiRH5NoaBjPSI4ULDpijv7VDxlWYm2vFaNfscD9O/UrbjawtlQ=="
    }
  },
  "dependencies": {
    "@protagonists/coerce": {
      "version": "1.0.8",
      "resolved": "https://registry.npmjs.org/@protagonists/coerce/-/coerce-1.0.8.tgz",
      "integrity": "sha512-XurCfW7dmV2BIU1XyMSpHreDlf4MBoAHi8R2vOo3Z1dUWWWoNLCaexTWi3fZj4NwcbxXTP3BR4xPc85OVOA3JA==",
      "requires": {
        "@protagonists/deep": "^1.0.2"
      }
    },
    "@protagonists/coerce-basics": {
      "version": "1.0.0",
      "resolved": "https://registry.npmjs.org/@protagonists/coerce-basics/-/coerce-basics-1.0.0.tgz",
      "integrity": "sha512-FmICeTfNbgMGAvv+TSS4mC3y+YeDsyAlr4D3xv4Yu4jDfW65OyWtuoWiyk83Rg5vGXcIB2+idCWdCoq977wLXw==",
      "requires": {
        "@protagonists/coerce": "^1.0.8"
      }
    },
    "@protagonists/deep": {
      "version": "1.0.3",
      "resolved": "https://registry.npmjs.org/@protagonists/deep/-/deep-1.0.3.tgz",
      "integrity": "sha512-6/lVvM+z/W+BMapuYJnBFVUFCpcW2RN0PuBAgiRH5NoaBjPSI4ULDpijv7VDxlWYm2vFaNfscD9O/UrbjawtlQ=="
    }
  }
}
