{
  "name": "@protagonists/coerce",
  "version": "1.0.6",
  "lockfileVersion": 1,
  "requires": true,
  "dependencies": {
    "@protagonists/deep": {
      "version": "1.0.2",
      "resolved": "https://registry.npmjs.org/@protagonists/deep/-/deep-1.0.2.tgz",
      "integrity": "sha512-l2+egWT/qe/zMW0qSf+Xsc+ehufa1rQlN3FAvSLTp8E7ouXPFeN+KHtURTeQuEFarCO+NoAevxLeS3HGkL0Rwg=="
    }
  }
}
